
Microsoft Visual Studio Solution File, Format Version 12.00
# Visual Studio 2012
Project("{FAE04EC0-301F-11D3-BF4B-00C04F79EFBC}") = "OrganizeIT", "OrganizeIT\OrganizeIT.csproj", "{81C76485-28C8-420A-8876-0642DA28AA40}"
EndProject
Global
	GlobalSection(SolutionConfigurationPlatforms) = preSolution
		Debug|Any CPU = Debug|Any CPU
		Release|Any CPU = Release|Any CPU
	EndGlobalSection
	GlobalSection(ProjectConfigurationPlatforms) = postSolution
		{81C76485-28C8-420A-8876-0642DA28AA40}.Debug|Any CPU.ActiveCfg = Debug|Any CPU
		{81C76485-28C8-420A-8876-0642DA28AA40}.Debug|Any CPU.Build.0 = Debug|Any CPU
		{81C76485-28C8-420A-8876-0642DA28AA40}.Release|Any CPU.ActiveCfg = Release|Any CPU
		{81C76485-28C8-420A-8876-0642DA28AA40}.Release|Any CPU.Build.0 = Release|Any CPU
	EndGlobalSection
	GlobalSection(SolutionProperties) = preSolution
		HideSolutionNode = FALSE
	EndGlobalSection
EndGlobal
